{
  "nodes": {
    "haskellrc": {
      "inputs": {
        "nixpkgs": [
          "nixpkgs"
        ]
      },
      "locked": {
        "lastModified": 1654020151,
        "narHash": "sha256-tSxWy4R2weCNUaT4hUEKOieVnZaolElqwusmtSgq2D0=",
        "owner": "pjones",
        "repo": "haskellrc",
        "rev": "d6ba166eac8e1b1bc2c272326153ed137278983c",
        "type": "github"
      },
      "original": {
        "owner": "pjones",
        "repo": "haskellrc",
        "type": "github"
      }
    },
    "nixpkgs": {
      "locked": {
        "lastModified": 1657561094,
        "narHash": "sha256-iaj+xajcYArMm+o9W6whSUqGy2LZQ7BJIm1MIT5kbuM=",
        "owner": "NixOS",
        "repo": "nixpkgs",
        "rev": "49546f4413ff5a7b4c46b9c56f0ef9cc8a106449",
        "type": "github"
      },
      "original": {
        "owner": "NixOS",
        "ref": "nixpkgs-unstable",
        "repo": "nixpkgs",
        "type": "github"
      }
    },
    "root": {
      "inputs": {
        "haskellrc": "haskellrc",
        "nixpkgs": "nixpkgs"
      }
    }
  },
  "root": "root",
  "version": 7
}
